// !$*UTF8*$!
{
	archiveVersion = 1;
	classes = {
	};
	objectVersion = 50;
	objects = {

/* Begin PBXBuildFile section */
		03D2AC7221A9718C000A527B /* AppDelegate.swift in Sources */ = {isa = PBXBuildFile; fileRef = 03D2AC7121A9718C000A527B /* AppDelegate.swift */; };
		03D2AC7721A9718C000A527B /* Main.storyboard in Resources */ = {isa = PBXBuildFile; fileRef = 03D2AC7521A9718C000A527B /* Main.storyboard */; };
		03D2AC7921A9718E000A527B /* Assets.xcassets in Resources */ = {isa = PBXBuildFile; fileRef = 03D2AC7821A9718E000A527B /* Assets.xcassets */; };
		03D2AC7C21A9718E000A527B /* LaunchScreen.storyboard in Resources */ = {isa = PBXBuildFile; fileRef = 03D2AC7A21A9718E000A527B /* LaunchScreen.storyboard */; };
		637F079121A9BCB8001E592B /* Color.xcassets in Resources */ = {isa = PBXBuildFile; fileRef = 637F079021A9BCB8001E592B /* Color.xcassets */; };
		B83EFFC021A9D0420062D290 /* MySubscriptionViewController.swift in Sources */ = {isa = PBXBuildFile; fileRef = B83EFFBF21A9D0420062D290 /* MySubscriptionViewController.swift */; };
		B898F9CC21A99E2000A84E7F /* UIView+Shadow.swift in Sources */ = {isa = PBXBuildFile; fileRef = B898F9CB21A99E2000A84E7F /* UIView+Shadow.swift */; };
		B898F9CE21A9A00600A84E7F /* UIView+Radius.swift in Sources */ = {isa = PBXBuildFile; fileRef = B898F9CD21A9A00600A84E7F /* UIView+Radius.swift */; };
		D46FC98C9FE46C1B11B74210 /* Pods_Bluemoon.framework in Frameworks */ = {isa = PBXBuildFile; fileRef = 18576497D6C4036293CC6436 /* Pods_Bluemoon.framework */; };
		EFCFB50721A9CD6D008B82B2 /* UIViewController+BackButton.swift in Sources */ = {isa = PBXBuildFile; fileRef = EFCFB50621A9CD6D008B82B2 /* UIViewController+BackButton.swift */; };
		EFCFB50921A9DBB8008B82B2 /* Login.storyboard in Resources */ = {isa = PBXBuildFile; fileRef = EFCFB50821A9DBB8008B82B2 /* Login.storyboard */; };
		EFCFB51221A9F817008B82B2 /* LoginViewController.swift in Sources */ = {isa = PBXBuildFile; fileRef = EFCFB51121A9F817008B82B2 /* LoginViewController.swift */; };
		EFCFB51421A9FE3B008B82B2 /* UIView+Border.swift in Sources */ = {isa = PBXBuildFile; fileRef = EFCFB51321A9FE3B008B82B2 /* UIView+Border.swift */; };
		EFCFB51721AA0ABC008B82B2 /* NetworkLayer.swift in Sources */ = {isa = PBXBuildFile; fileRef = EFCFB51621AA0ABC008B82B2 /* NetworkLayer.swift */; };
		EFCFB51921AA0BFC008B82B2 /* NetworkProvider.swift in Sources */ = {isa = PBXBuildFile; fileRef = EFCFB51821AA0BFC008B82B2 /* NetworkProvider.swift */; };
/* End PBXBuildFile section */

/* Begin PBXFileReference section */
		01D432655B291C7A891AADD3 /* Pods-Bluemoon.debug.xcconfig */ = {isa = PBXFileReference; includeInIndex = 1; lastKnownFileType = text.xcconfig; name = "Pods-Bluemoon.debug.xcconfig"; path = "Pods/Target Support Files/Pods-Bluemoon/Pods-Bluemoon.debug.xcconfig"; sourceTree = "<group>"; };
		03D2AC6E21A9718C000A527B /* Bluemoon.app */ = {isa = PBXFileReference; explicitFileType = wrapper.application; includeInIndex = 0; path = Bluemoon.app; sourceTree = BUILT_PRODUCTS_DIR; };
		03D2AC7121A9718C000A527B /* AppDelegate.swift */ = {isa = PBXFileReference; lastKnownFileType = sourcecode.swift; path = AppDelegate.swift; sourceTree = "<group>"; };
		03D2AC7621A9718C000A527B /* Base */ = {isa = PBXFileReference; lastKnownFileType = file.storyboard; name = Base; path = Base.lproj/Main.storyboard; sourceTree = "<group>"; };
		03D2AC7821A9718E000A527B /* Assets.xcassets */ = {isa = PBXFileReference; lastKnownFileType = folder.assetcatalog; path = Assets.xcassets; sourceTree = "<group>"; };
		03D2AC7B21A9718E000A527B /* Base */ = {isa = PBXFileReference; lastKnownFileType = file.storyboard; name = Base; path = Base.lproj/LaunchScreen.storyboard; sourceTree = "<group>"; };
		03D2AC7D21A9718E000A527B /* Info.plist */ = {isa = PBXFileReference; lastKnownFileType = text.plist.xml; path = Info.plist; sourceTree = "<group>"; };
		18576497D6C4036293CC6436 /* Pods_Bluemoon.framework */ = {isa = PBXFileReference; explicitFileType = wrapper.framework; includeInIndex = 0; path = Pods_Bluemoon.framework; sourceTree = BUILT_PRODUCTS_DIR; };
		637F079021A9BCB8001E592B /* Color.xcassets */ = {isa = PBXFileReference; lastKnownFileType = folder.assetcatalog; path = Color.xcassets; sourceTree = "<group>"; };
		B83EFFBF21A9D0420062D290 /* MySubscriptionViewController.swift */ = {isa = PBXFileReference; lastKnownFileType = sourcecode.swift; path = MySubscriptionViewController.swift; sourceTree = "<group>"; };
		B898F9CB21A99E2000A84E7F /* UIView+Shadow.swift */ = {isa = PBXFileReference; lastKnownFileType = sourcecode.swift; path = "UIView+Shadow.swift"; sourceTree = "<group>"; };
		B898F9CD21A9A00600A84E7F /* UIView+Radius.swift */ = {isa = PBXFileReference; lastKnownFileType = sourcecode.swift; path = "UIView+Radius.swift"; sourceTree = "<group>"; };
		EFCFB50621A9CD6D008B82B2 /* UIViewController+BackButton.swift */ = {isa = PBXFileReference; lastKnownFileType = sourcecode.swift; path = "UIViewController+BackButton.swift"; sourceTree = "<group>"; };
		EFCFB50821A9DBB8008B82B2 /* Login.storyboard */ = {isa = PBXFileReference; lastKnownFileType = file.storyboard; path = Login.storyboard; sourceTree = "<group>"; };
		EFCFB51121A9F817008B82B2 /* LoginViewController.swift */ = {isa = PBXFileReference; lastKnownFileType = sourcecode.swift; path = LoginViewController.swift; sourceTree = "<group>"; };
		EFCFB51321A9FE3B008B82B2 /* UIView+Border.swift */ = {isa = PBXFileReference; lastKnownFileType = sourcecode.swift; path = "UIView+Border.swift"; sourceTree = "<group>"; };
		EFCFB51621AA0ABC008B82B2 /* NetworkLayer.swift */ = {isa = PBXFileReference; lastKnownFileType = sourcecode.swift; path = NetworkLayer.swift; sourceTree = "<group>"; };
		EFCFB51821AA0BFC008B82B2 /* NetworkProvider.swift */ = {isa = PBXFileReference; lastKnownFileType = sourcecode.swift; path = NetworkProvider.swift; sourceTree = "<group>"; };
		FA0CA2CE65135B38A4638EE9 /* Pods-Bluemoon.release.xcconfig */ = {isa = PBXFileReference; includeInIndex = 1; lastKnownFileType = text.xcconfig; name = "Pods-Bluemoon.release.xcconfig"; path = "Pods/Target Support Files/Pods-Bluemoon/Pods-Bluemoon.release.xcconfig"; sourceTree = "<group>"; };
/* End PBXFileReference section */

/* Begin PBXFrameworksBuildPhase section */
		03D2AC6B21A9718C000A527B /* Frameworks */ = {
			isa = PBXFrameworksBuildPhase;
			buildActionMask = 2147483647;
			files = (
				D46FC98C9FE46C1B11B74210 /* Pods_Bluemoon.framework in Frameworks */,
			);
			runOnlyForDeploymentPostprocessing = 0;
		};
/* End PBXFrameworksBuildPhase section */

/* Begin PBXGroup section */
		03D2AC6521A9718C000A527B = {
			isa = PBXGroup;
			children = (
				03D2AC7021A9718C000A527B /* Bluemoon */,
				03D2AC6F21A9718C000A527B /* Products */,
				D87E454826544B7BD7209E65 /* Pods */,
				05ABD25A56B6537D46D8CE99 /* Frameworks */,
			);
			sourceTree = "<group>";
		};
		03D2AC6F21A9718C000A527B /* Products */ = {
			isa = PBXGroup;
			children = (
				03D2AC6E21A9718C000A527B /* Bluemoon.app */,
			);
			name = Products;
			sourceTree = "<group>";
		};
		03D2AC7021A9718C000A527B /* Bluemoon */ = {
			isa = PBXGroup;
			children = (
				EFCFB51521AA0AAA008B82B2 /* Network */,
				EFCFB50E21A9F661008B82B2 /* FirstTab */,
				EFCFB50F21A9F668008B82B2 /* SecondTab */,
				EFCFB51021A9F66F008B82B2 /* ThirdTab */,
				EFCFB50A21A9DBBD008B82B2 /* Login */,
				B898F9C821A99AA200A84E7F /* Extension */,
				EFCFB50B21A9DBC9008B82B2 /* Supports */,
				03D2AC7121A9718C000A527B /* AppDelegate.swift */,
				03D2AC7521A9718C000A527B /* Main.storyboard */,
			);
			path = Bluemoon;
			sourceTree = "<group>";
		};
		05ABD25A56B6537D46D8CE99 /* Frameworks */ = {
			isa = PBXGroup;
			children = (
				18576497D6C4036293CC6436 /* Pods_Bluemoon.framework */,
			);
			name = Frameworks;
			sourceTree = "<group>";
		};
		B898F9C821A99AA200A84E7F /* Extension */ = {
			isa = PBXGroup;
			children = (
				B898F9CB21A99E2000A84E7F /* UIView+Shadow.swift */,
				B898F9CD21A9A00600A84E7F /* UIView+Radius.swift */,
				EFCFB50621A9CD6D008B82B2 /* UIViewController+BackButton.swift */,
				EFCFB51321A9FE3B008B82B2 /* UIView+Border.swift */,
			);
			path = Extension;
			sourceTree = "<group>";
		};
		D87E454826544B7BD7209E65 /* Pods */ = {
			isa = PBXGroup;
			children = (
				01D432655B291C7A891AADD3 /* Pods-Bluemoon.debug.xcconfig */,
				FA0CA2CE65135B38A4638EE9 /* Pods-Bluemoon.release.xcconfig */,
			);
			name = Pods;
			sourceTree = "<group>";
		};
		EFCFB50A21A9DBBD008B82B2 /* Login */ = {
			isa = PBXGroup;
			children = (
				EFCFB50821A9DBB8008B82B2 /* Login.storyboard */,
				EFCFB51121A9F817008B82B2 /* LoginViewController.swift */,
			);
			path = Login;
			sourceTree = "<group>";
		};
		EFCFB50B21A9DBC9008B82B2 /* Supports */ = {
			isa = PBXGroup;
			children = (
				637F079021A9BCB8001E592B /* Color.xcassets */,
				03D2AC7821A9718E000A527B /* Assets.xcassets */,
				03D2AC7A21A9718E000A527B /* LaunchScreen.storyboard */,
				03D2AC7D21A9718E000A527B /* Info.plist */,
			);
			path = Supports;
			sourceTree = "<group>";
		};
		EFCFB50E21A9F661008B82B2 /* FirstTab */ = {
			isa = PBXGroup;
			children = (
			);
			path = FirstTab;
			sourceTree = "<group>";
		};
		EFCFB50F21A9F668008B82B2 /* SecondTab */ = {
			isa = PBXGroup;
			children = (
				B83EFFBF21A9D0420062D290 /* MySubscriptionViewController.swift */,
			);
			path = SecondTab;
			sourceTree = "<group>";
		};
		EFCFB51021A9F66F008B82B2 /* ThirdTab */ = {
			isa = PBXGroup;
			children = (
			);
			path = ThirdTab;
			sourceTree = "<group>";
		};
		EFCFB51521AA0AAA008B82B2 /* Network */ = {
			isa = PBXGroup;
			children = (
				EFCFB51621AA0ABC008B82B2 /* NetworkLayer.swift */,
				EFCFB51821AA0BFC008B82B2 /* NetworkProvider.swift */,
			);
			path = Network;
			sourceTree = "<group>";
		};
/* End PBXGroup section */

/* Begin PBXNativeTarget section */
		03D2AC6D21A9718C000A527B /* Bluemoon */ = {
			isa = PBXNativeTarget;
			buildConfigurationList = 03D2AC8021A9718E000A527B /* Build configuration list for PBXNativeTarget "Bluemoon" */;
			buildPhases = (
				7EEE28E38C81BA42B16B2FF5 /* [CP] Check Pods Manifest.lock */,
				B898F9C421A9756800A84E7F /* Swift Lint Autocorrect */,
				B898F9C521A9760300A84E7F /* Swift Lint */,
				03D2AC6A21A9718C000A527B /* Sources */,
				03D2AC6B21A9718C000A527B /* Frameworks */,
				03D2AC6C21A9718C000A527B /* Resources */,
				B6039DFA37C7D9560EDCA1FC /* [CP] Embed Pods Frameworks */,
			);
			buildRules = (
			);
			dependencies = (
			);
			name = Bluemoon;
			productName = Bluemoon;
			productReference = 03D2AC6E21A9718C000A527B /* Bluemoon.app */;
			productType = "com.apple.product-type.application";
		};
/* End PBXNativeTarget section */

/* Begin PBXProject section */
		03D2AC6621A9718C000A527B /* Project object */ = {
			isa = PBXProject;
			attributes = {
				LastSwiftUpdateCheck = 1010;
				LastUpgradeCheck = 1010;
				ORGANIZATIONNAME = mashup6th;
				TargetAttributes = {
					03D2AC6D21A9718C000A527B = {
						CreatedOnToolsVersion = 10.1;
					};
				};
			};
			buildConfigurationList = 03D2AC6921A9718C000A527B /* Build configuration list for PBXProject "Bluemoon" */;
			compatibilityVersion = "Xcode 9.3";
			developmentRegion = en;
			hasScannedForEncodings = 0;
			knownRegions = (
				en,
				Base,
			);
			mainGroup = 03D2AC6521A9718C000A527B;
			productRefGroup = 03D2AC6F21A9718C000A527B /* Products */;
			projectDirPath = "";
			projectRoot = "";
			targets = (
				03D2AC6D21A9718C000A527B /* Bluemoon */,
			);
		};
/* End PBXProject section */

/* Begin PBXResourcesBuildPhase section */
		03D2AC6C21A9718C000A527B /* Resources */ = {
			isa = PBXResourcesBuildPhase;
			buildActionMask = 2147483647;
			files = (
				03D2AC7C21A9718E000A527B /* LaunchScreen.storyboard in Resources */,
				637F079121A9BCB8001E592B /* Color.xcassets in Resources */,
				03D2AC7921A9718E000A527B /* Assets.xcassets in Resources */,
				EFCFB50921A9DBB8008B82B2 /* Login.storyboard in Resources */,
				03D2AC7721A9718C000A527B /* Main.storyboard in Resources */,
			);
			runOnlyForDeploymentPostprocessing = 0;
		};
/* End PBXResourcesBuildPhase section */

/* Begin PBXShellScriptBuildPhase section */
		7EEE28E38C81BA42B16B2FF5 /* [CP] Check Pods Manifest.lock */ = {
			isa = PBXShellScriptBuildPhase;
			buildActionMask = 2147483647;
			files = (
			);
			inputFileListPaths = (
			);
			inputPaths = (
				"${PODS_PODFILE_DIR_PATH}/Podfile.lock",
				"${PODS_ROOT}/Manifest.lock",
			);
			name = "[CP] Check Pods Manifest.lock";
			outputFileListPaths = (
			);
			outputPaths = (
				"$(DERIVED_FILE_DIR)/Pods-Bluemoon-checkManifestLockResult.txt",
			);
			runOnlyForDeploymentPostprocessing = 0;
			shellPath = /bin/sh;
			shellScript = "diff \"${PODS_PODFILE_DIR_PATH}/Podfile.lock\" \"${PODS_ROOT}/Manifest.lock\" > /dev/null\nif [ $? != 0 ] ; then\n    # print error to STDERR\n    echo \"error: The sandbox is not in sync with the Podfile.lock. Run 'pod install' or update your CocoaPods installation.\" >&2\n    exit 1\nfi\n# This output is used by Xcode 'outputs' to avoid re-running this script phase.\necho \"SUCCESS\" > \"${SCRIPT_OUTPUT_FILE_0}\"\n";
			showEnvVarsInLog = 0;
		};
		B6039DFA37C7D9560EDCA1FC /* [CP] Embed Pods Frameworks */ = {
			isa = PBXShellScriptBuildPhase;
			buildActionMask = 2147483647;
			files = (
			);
			inputFileListPaths = (
			);
			inputPaths = (
				"${SRCROOT}/Pods/Target Support Files/Pods-Bluemoon/Pods-Bluemoon-frameworks.sh",
				"${BUILT_PRODUCTS_DIR}/Alamofire/Alamofire.framework",
				"${BUILT_PRODUCTS_DIR}/JTAppleCalendar/JTAppleCalendar.framework",
				"${BUILT_PRODUCTS_DIR}/Kingfisher/Kingfisher.framework",
				"${BUILT_PRODUCTS_DIR}/Moya/Moya.framework",
				"${BUILT_PRODUCTS_DIR}/Result/Result.framework",
			);
			name = "[CP] Embed Pods Frameworks";
			outputFileListPaths = (
			);
			outputPaths = (
				"${TARGET_BUILD_DIR}/${FRAMEWORKS_FOLDER_PATH}/Alamofire.framework",
				"${TARGET_BUILD_DIR}/${FRAMEWORKS_FOLDER_PATH}/JTAppleCalendar.framework",
				"${TARGET_BUILD_DIR}/${FRAMEWORKS_FOLDER_PATH}/Kingfisher.framework",
				"${TARGET_BUILD_DIR}/${FRAMEWORKS_FOLDER_PATH}/Moya.framework",
				"${TARGET_BUILD_DIR}/${FRAMEWORKS_FOLDER_PATH}/Result.framework",
			);
			runOnlyForDeploymentPostprocessing = 0;
			shellPath = /bin/sh;
			shellScript = "\"${SRCROOT}/Pods/Target Support Files/Pods-Bluemoon/Pods-Bluemoon-frameworks.sh\"\n";
			showEnvVarsInLog = 0;
		};
		B898F9C421A9756800A84E7F /* Swift Lint Autocorrect */ = {
			isa = PBXShellScriptBuildPhase;
			buildActionMask = 2147483647;
			files = (
			);
			inputFileListPaths = (
			);
			inputPaths = (
			);
			name = "Swift Lint Autocorrect";
			outputFileListPaths = (
			);
			outputPaths = (
			);
			runOnlyForDeploymentPostprocessing = 0;
			shellPath = /bin/sh;
			shellScript = "if which swiftlint >/dev/null; then\nswiftlint autocorrect\nelse\necho \"warning: SwiftLint not installed, download from https://github.com/realm/SwiftLint\"\nfi\n";
		};
		B898F9C521A9760300A84E7F /* Swift Lint */ = {
			isa = PBXShellScriptBuildPhase;
			buildActionMask = 2147483647;
			files = (
			);
			inputFileListPaths = (
			);
			inputPaths = (
			);
			name = "Swift Lint";
			outputFileListPaths = (
			);
			outputPaths = (
			);
			runOnlyForDeploymentPostprocessing = 0;
			shellPath = /bin/sh;
			shellScript = "if which swiftlint >/dev/null; then\nswiftlint\nelse\necho \"warning: SwiftLint not installed, download from https://github.com/realm/SwiftLint\"\nfi\n";
		};
/* End PBXShellScriptBuildPhase section */

/* Begin PBXSourcesBuildPhase section */
		03D2AC6A21A9718C000A527B /* Sources */ = {
			isa = PBXSourcesBuildPhase;
			buildActionMask = 2147483647;
			files = (
				EFCFB51221A9F817008B82B2 /* LoginViewController.swift in Sources */,
				B83EFFC021A9D0420062D290 /* MySubscriptionViewController.swift in Sources */,
				EFCFB51921AA0BFC008B82B2 /* NetworkProvider.swift in Sources */,
				EFCFB50721A9CD6D008B82B2 /* UIViewController+BackButton.swift in Sources */,
				B898F9CC21A99E2000A84E7F /* UIView+Shadow.swift in Sources */,
				EFCFB51721AA0ABC008B82B2 /* NetworkLayer.swift in Sources */,
				EFCFB51421A9FE3B008B82B2 /* UIView+Border.swift in Sources */,
				03D2AC7221A9718C000A527B /* AppDelegate.swift in Sources */,
				B898F9CE21A9A00600A84E7F /* UIView+Radius.swift in Sources */,
			);
			runOnlyForDeploymentPostprocessing = 0;
		};
/* End PBXSourcesBuildPhase section */

/* Begin PBXVariantGroup section */
		03D2AC7521A9718C000A527B /* Main.storyboard */ = {
			isa = PBXVariantGroup;
			children = (
				03D2AC7621A9718C000A527B /* Base */,
			);
			name = Main.storyboard;
			sourceTree = "<group>";
		};
		03D2AC7A21A9718E000A527B /* LaunchScreen.storyboard */ = {
			isa = PBXVariantGroup;
			children = (
				03D2AC7B21A9718E000A527B /* Base */,
			);
			name = LaunchScreen.storyboard;
			sourceTree = "<group>";
		};
/* End PBXVariantGroup section */

/* Begin XCBuildConfiguration section */
		03D2AC7E21A9718E000A527B /* Debug */ = {
			isa = XCBuildConfiguration;
			buildSettings = {
				ALWAYS_SEARCH_USER_PATHS = NO;
				CLANG_ANALYZER_NONNULL = YES;
				CLANG_ANALYZER_NUMBER_OBJECT_CONVERSION = YES_AGGRESSIVE;
				CLANG_CXX_LANGUAGE_STANDARD = "gnu++14";
				CLANG_CXX_LIBRARY = "libc++";
				CLANG_ENABLE_MODULES = YES;
				CLANG_ENABLE_OBJC_ARC = YES;
				CLANG_ENABLE_OBJC_WEAK = YES;
				CLANG_WARN_BLOCK_CAPTURE_AUTORELEASING = YES;
				CLANG_WARN_BOOL_CONVERSION = YES;
				CLANG_WARN_COMMA = YES;
				CLANG_WARN_CONSTANT_CONVERSION = YES;
				CLANG_WARN_DEPRECATED_OBJC_IMPLEMENTATIONS = YES;
				CLANG_WARN_DIRECT_OBJC_ISA_USAGE = YES_ERROR;
				CLANG_WARN_DOCUMENTATION_COMMENTS = YES;
				CLANG_WARN_EMPTY_BODY = YES;
				CLANG_WARN_ENUM_CONVERSION = YES;
				CLANG_WARN_INFINITE_RECURSION = YES;
				CLANG_WARN_INT_CONVERSION = YES;
				CLANG_WARN_NON_LITERAL_NULL_CONVERSION = YES;
				CLANG_WARN_OBJC_IMPLICIT_RETAIN_SELF = YES;
				CLANG_WARN_OBJC_LITERAL_CONVERSION = YES;
				CLANG_WARN_OBJC_ROOT_CLASS = YES_ERROR;
				CLANG_WARN_RANGE_LOOP_ANALYSIS = YES;
				CLANG_WARN_STRICT_PROTOTYPES = YES;
				CLANG_WARN_SUSPICIOUS_MOVE = YES;
				CLANG_WARN_UNGUARDED_AVAILABILITY = YES_AGGRESSIVE;
				CLANG_WARN_UNREACHABLE_CODE = YES;
				CLANG_WARN__DUPLICATE_METHOD_MATCH = YES;
				CODE_SIGN_IDENTITY = "iPhone Developer";
				COPY_PHASE_STRIP = NO;
				DEBUG_INFORMATION_FORMAT = dwarf;
				ENABLE_STRICT_OBJC_MSGSEND = YES;
				ENABLE_TESTABILITY = YES;
				GCC_C_LANGUAGE_STANDARD = gnu11;
				GCC_DYNAMIC_NO_PIC = NO;
				GCC_NO_COMMON_BLOCKS = YES;
				GCC_OPTIMIZATION_LEVEL = 0;
				GCC_PREPROCESSOR_DEFINITIONS = (
					"DEBUG=1",
					"$(inherited)",
				);
				GCC_WARN_64_TO_32_BIT_CONVERSION = YES;
				GCC_WARN_ABOUT_RETURN_TYPE = YES_ERROR;
				GCC_WARN_UNDECLARED_SELECTOR = YES;
				GCC_WARN_UNINITIALIZED_AUTOS = YES_AGGRESSIVE;
				GCC_WARN_UNUSED_FUNCTION = YES;
				GCC_WARN_UNUSED_VARIABLE = YES;
				IPHONEOS_DEPLOYMENT_TARGET = 11.0;
				MTL_ENABLE_DEBUG_INFO = INCLUDE_SOURCE;
				MTL_FAST_MATH = YES;
				ONLY_ACTIVE_ARCH = YES;
				SDKROOT = iphoneos;
				SWIFT_ACTIVE_COMPILATION_CONDITIONS = DEBUG;
				SWIFT_OPTIMIZATION_LEVEL = "-Onone";
			};
			name = Debug;
		};
		03D2AC7F21A9718E000A527B /* Release */ = {
			isa = XCBuildConfiguration;
			buildSettings = {
				ALWAYS_SEARCH_USER_PATHS = NO;
				CLANG_ANALYZER_NONNULL = YES;
				CLANG_ANALYZER_NUMBER_OBJECT_CONVERSION = YES_AGGRESSIVE;
				CLANG_CXX_LANGUAGE_STANDARD = "gnu++14";
				CLANG_CXX_LIBRARY = "libc++";
				CLANG_ENABLE_MODULES = YES;
				CLANG_ENABLE_OBJC_ARC = YES;
				CLANG_ENABLE_OBJC_WEAK = YES;
				CLANG_WARN_BLOCK_CAPTURE_AUTORELEASING = YES;
				CLANG_WARN_BOOL_CONVERSION = YES;
				CLANG_WARN_COMMA = YES;
				CLANG_WARN_CONSTANT_CONVERSION = YES;
				CLANG_WARN_DEPRECATED_OBJC_IMPLEMENTATIONS = YES;
				CLANG_WARN_DIRECT_OBJC_ISA_USAGE = YES_ERROR;
				CLANG_WARN_DOCUMENTATION_COMMENTS = YES;
				CLANG_WARN_EMPTY_BODY = YES;
				CLANG_WARN_ENUM_CONVERSION = YES;
				CLANG_WARN_INFINITE_RECURSION = YES;
				CLANG_WARN_INT_CONVERSION = YES;
				CLANG_WARN_NON_LITERAL_NULL_CONVERSION = YES;
				CLANG_WARN_OBJC_IMPLICIT_RETAIN_SELF = YES;
				CLANG_WARN_OBJC_LITERAL_CONVERSION = YES;
				CLANG_WARN_OBJC_ROOT_CLASS = YES_ERROR;
				CLANG_WARN_RANGE_LOOP_ANALYSIS = YES;
				CLANG_WARN_STRICT_PROTOTYPES = YES;
				CLANG_WARN_SUSPICIOUS_MOVE = YES;
				CLANG_WARN_UNGUARDED_AVAILABILITY = YES_AGGRESSIVE;
				CLANG_WARN_UNREACHABLE_CODE = YES;
				CLANG_WARN__DUPLICATE_METHOD_MATCH = YES;
				CODE_SIGN_IDENTITY = "iPhone Developer";
				COPY_PHASE_STRIP = NO;
				DEBUG_INFORMATION_FORMAT = "dwarf-with-dsym";
				ENABLE_NS_ASSERTIONS = NO;
				ENABLE_STRICT_OBJC_MSGSEND = YES;
				GCC_C_LANGUAGE_STANDARD = gnu11;
				GCC_NO_COMMON_BLOCKS = YES;
				GCC_WARN_64_TO_32_BIT_CONVERSION = YES;
				GCC_WARN_ABOUT_RETURN_TYPE = YES_ERROR;
				GCC_WARN_UNDECLARED_SELECTOR = YES;
				GCC_WARN_UNINITIALIZED_AUTOS = YES_AGGRESSIVE;
				GCC_WARN_UNUSED_FUNCTION = YES;
				GCC_WARN_UNUSED_VARIABLE = YES;
				IPHONEOS_DEPLOYMENT_TARGET = 11.0;
				MTL_ENABLE_DEBUG_INFO = NO;
				MTL_FAST_MATH = YES;
				SDKROOT = iphoneos;
				SWIFT_COMPILATION_MODE = wholemodule;
				SWIFT_OPTIMIZATION_LEVEL = "-O";
				VALIDATE_PRODUCT = YES;
			};
			name = Release;
		};
		03D2AC8121A9718E000A527B /* Debug */ = {
			isa = XCBuildConfiguration;
			baseConfigurationReference = 01D432655B291C7A891AADD3 /* Pods-Bluemoon.debug.xcconfig */;
			buildSettings = {
				ASSETCATALOG_COMPILER_APPICON_NAME = AppIcon;
				CODE_SIGN_STYLE = Manual;
				DEVELOPMENT_TEAM = TA757FA6NR;
				INFOPLIST_FILE = "$(SRCROOT)/Bluemoon/Supports/Info.plist";
				IPHONEOS_DEPLOYMENT_TARGET = 11.0;
				LD_RUNPATH_SEARCH_PATHS = (
					"$(inherited)",
					"@executable_path/Frameworks",
				);
				PRODUCT_BUNDLE_IDENTIFIER = kr.co.mashup6th.Bluemoon;
				PRODUCT_NAME = "$(TARGET_NAME)";
				PROVISIONING_PROFILE_SPECIFIER = bluemoonDev;
				SWIFT_VERSION = 4.2;
				TARGETED_DEVICE_FAMILY = 1;
			};
			name = Debug;
		};
		03D2AC8221A9718E000A527B /* Release */ = {
			isa = XCBuildConfiguration;
			baseConfigurationReference = FA0CA2CE65135B38A4638EE9 /* Pods-Bluemoon.release.xcconfig */;
			buildSettings = {
				ASSETCATALOG_COMPILER_APPICON_NAME = AppIcon;
				CODE_SIGN_STYLE = Manual;
				DEVELOPMENT_TEAM = "";
				INFOPLIST_FILE = "$(SRCROOT)/Bluemoon/Supports/Info.plist";
				IPHONEOS_DEPLOYMENT_TARGET = 11.0;
				LD_RUNPATH_SEARCH_PATHS = (
					"$(inherited)",
					"@executable_path/Frameworks",
				);
				PRODUCT_BUNDLE_IDENTIFIER = kr.co.mashup6th.Bluemoon;
				PRODUCT_NAME = "$(TARGET_NAME)";
				PROVISIONING_PROFILE_SPECIFIER = "";
				SWIFT_VERSION = 4.2;
				TARGETED_DEVICE_FAMILY = 1;
			};
			name = Release;
		};
/* End XCBuildConfiguration section */

/* Begin XCConfigurationList section */
		03D2AC6921A9718C000A527B /* Build configuration list for PBXProject "Bluemoon" */ = {
			isa = XCConfigurationList;
			buildConfigurations = (
				03D2AC7E21A9718E000A527B /* Debug */,
				03D2AC7F21A9718E000A527B /* Release */,
			);
			defaultConfigurationIsVisible = 0;
			defaultConfigurationName = Release;
		};
		03D2AC8021A9718E000A527B /* Build configuration list for PBXNativeTarget "Bluemoon" */ = {
			isa = XCConfigurationList;
			buildConfigurations = (
				03D2AC8121A9718E000A527B /* Debug */,
				03D2AC8221A9718E000A527B /* Release */,
			);
			defaultConfigurationIsVisible = 0;
			defaultConfigurationName = Release;
		};
/* End XCConfigurationList section */
	};
	rootObject = 03D2AC6621A9718C000A527B /* Project object */;
}
